// !$*UTF8*$!
{
	archiveVersion = 1;
	classes = {
	};
	objectVersion = 46;
	objects = {

/* Begin PBXBuildFile section */
		9E9264B91940702400703AC5 /* Cell.swift in Sources */ = {isa = PBXBuildFile; fileRef = 9E9264B81940702400703AC5 /* Cell.swift */; };
		9EDD8ACA193F6D21005AEFDF /* AppDelegate.swift in Sources */ = {isa = PBXBuildFile; fileRef = 9EDD8AC9193F6D21005AEFDF /* AppDelegate.swift */; };
		9EDD8ACC193F6D21005AEFDF /* GameScene.sks in Resources */ = {isa = PBXBuildFile; fileRef = 9EDD8ACB193F6D21005AEFDF /* GameScene.sks */; };
		9EDD8ACE193F6D21005AEFDF /* GameScene.swift in Sources */ = {isa = PBXBuildFile; fileRef = 9EDD8ACD193F6D21005AEFDF /* GameScene.swift */; };
		9EDD8AD0193F6D21005AEFDF /* GameViewController.swift in Sources */ = {isa = PBXBuildFile; fileRef = 9EDD8ACF193F6D21005AEFDF /* GameViewController.swift */; };
		9EDD8AD3193F6D21005AEFDF /* Main.storyboard in Resources */ = {isa = PBXBuildFile; fileRef = 9EDD8AD1193F6D21005AEFDF /* Main.storyboard */; };
		9EDD8AD5193F6D21005AEFDF /* Images.xcassets in Resources */ = {isa = PBXBuildFile; fileRef = 9EDD8AD4193F6D21005AEFDF /* Images.xcassets */; };
		9EDD8AE1193F6D21005AEFDF /* SwiftLifeTests.swift in Sources */ = {isa = PBXBuildFile; fileRef = 9EDD8AE0193F6D21005AEFDF /* SwiftLifeTests.swift */; };
/* End PBXBuildFile section */

/* Begin PBXContainerItemProxy section */
		9EDD8ADB193F6D21005AEFDF /* PBXContainerItemProxy */ = {
			isa = PBXContainerItemProxy;
			containerPortal = 9EDD8ABC193F6D21005AEFDF /* Project object */;
			proxyType = 1;
			remoteGlobalIDString = 9EDD8AC3193F6D21005AEFDF;
			remoteInfo = SwiftLife;
		};
/* End PBXContainerItemProxy section */

/* Begin PBXFileReference section */
		9E9264B81940702400703AC5 /* Cell.swift */ = {isa = PBXFileReference; fileEncoding = 4; lastKnownFileType = sourcecode.swift; path = Cell.swift; sourceTree = "<group>"; };
		9EDD8AC4193F6D21005AEFDF /* SwiftLife.app */ = {isa = PBXFileReference; explicitFileType = wrapper.application; includeInIndex = 0; path = SwiftLife.app; sourceTree = BUILT_PRODUCTS_DIR; };
		9EDD8AC8193F6D21005AEFDF /* Info.plist */ = {isa = PBXFileReference; lastKnownFileType = text.plist.xml; path = Info.plist; sourceTree = "<group>"; };
		9EDD8AC9193F6D21005AEFDF /* AppDelegate.swift */ = {isa = PBXFileReference; lastKnownFileType = sourcecode.swift; path = AppDelegate.swift; sourceTree = "<group>"; };
		9EDD8ACB193F6D21005AEFDF /* GameScene.sks */ = {isa = PBXFileReference; lastKnownFileType = file.sks; path = GameScene.sks; sourceTree = "<group>"; };
		9EDD8ACD193F6D21005AEFDF /* GameScene.swift */ = {isa = PBXFileReference; lastKnownFileType = sourcecode.swift; path = GameScene.swift; sourceTree = "<group>"; };
		9EDD8ACF193F6D21005AEFDF /* GameViewController.swift */ = {isa = PBXFileReference; lastKnownFileType = sourcecode.swift; path = GameViewController.swift; sourceTree = "<group>"; };
		9EDD8AD2193F6D21005AEFDF /* Base */ = {isa = PBXFileReference; lastKnownFileType = file.storyboard; name = Base; path = Base.lproj/Main.storyboard; sourceTree = "<group>"; };
		9EDD8AD4193F6D21005AEFDF /* Images.xcassets */ = {isa = PBXFileReference; lastKnownFileType = folder.assetcatalog; path = Images.xcassets; sourceTree = "<group>"; };
		9EDD8ADA193F6D21005AEFDF /* SwiftLifeTests.xctest */ = {isa = PBXFileReference; explicitFileType = wrapper.cfbundle; includeInIndex = 0; path = SwiftLifeTests.xctest; sourceTree = BUILT_PRODUCTS_DIR; };
		9EDD8ADF193F6D21005AEFDF /* Info.plist */ = {isa = PBXFileReference; lastKnownFileType = text.plist.xml; path = Info.plist; sourceTree = "<group>"; };
		9EDD8AE0193F6D21005AEFDF /* SwiftLifeTests.swift */ = {isa = PBXFileReference; lastKnownFileType = sourcecode.swift; path = SwiftLifeTests.swift; sourceTree = "<group>"; };
/* End PBXFileReference section */

/* Begin PBXFrameworksBuildPhase section */
		9EDD8AC1193F6D21005AEFDF /* Frameworks */ = {
			isa = PBXFrameworksBuildPhase;
			buildActionMask = 2147483647;
			files = (
			);
			runOnlyForDeploymentPostprocessing = 0;
		};
		9EDD8AD7193F6D21005AEFDF /* Frameworks */ = {
			isa = PBXFrameworksBuildPhase;
			buildActionMask = 2147483647;
			files = (
			);
			runOnlyForDeploymentPostprocessing = 0;
		};
/* End PBXFrameworksBuildPhase section */

/* Begin PBXGroup section */
		9EDD8ABB193F6D21005AEFDF = {
			isa = PBXGroup;
			children = (
				9EDD8AC6193F6D21005AEFDF /* SwiftLife */,
				9EDD8ADD193F6D21005AEFDF /* SwiftLifeTests */,
				9EDD8AC5193F6D21005AEFDF /* Products */,
			);
			sourceTree = "<group>";
		};
		9EDD8AC5193F6D21005AEFDF /* Products */ = {
			isa = PBXGroup;
			children = (
				9EDD8AC4193F6D21005AEFDF /* SwiftLife.app */,
				9EDD8ADA193F6D21005AEFDF /* SwiftLifeTests.xctest */,
			);
			name = Products;
			sourceTree = "<group>";
		};
		9EDD8AC6193F6D21005AEFDF /* SwiftLife */ = {
			isa = PBXGroup;
			children = (
				9EDD8AC9193F6D21005AEFDF /* AppDelegate.swift */,
				9EDD8ACB193F6D21005AEFDF /* GameScene.sks */,
				9EDD8ACD193F6D21005AEFDF /* GameScene.swift */,
				9E9264B81940702400703AC5 /* Cell.swift */,
				9EDD8ACF193F6D21005AEFDF /* GameViewController.swift */,
				9EDD8AD1193F6D21005AEFDF /* Main.storyboard */,
				9EDD8AD4193F6D21005AEFDF /* Images.xcassets */,
				9EDD8AC7193F6D21005AEFDF /* Supporting Files */,
			);
			path = SwiftLife;
			sourceTree = "<group>";
		};
		9EDD8AC7193F6D21005AEFDF /* Supporting Files */ = {
			isa = PBXGroup;
			children = (
				9EDD8AC8193F6D21005AEFDF /* Info.plist */,
			);
			name = "Supporting Files";
			sourceTree = "<group>";
		};
		9EDD8ADD193F6D21005AEFDF /* SwiftLifeTests */ = {
			isa = PBXGroup;
			children = (
				9EDD8AE0193F6D21005AEFDF /* SwiftLifeTests.swift */,
				9EDD8ADE193F6D21005AEFDF /* Supporting Files */,
			);
			path = SwiftLifeTests;
			sourceTree = "<group>";
		};
		9EDD8ADE193F6D21005AEFDF /* Supporting Files */ = {
			isa = PBXGroup;
			children = (
				9EDD8ADF193F6D21005AEFDF /* Info.plist */,
			);
			name = "Supporting Files";
			sourceTree = "<group>";
		};
/* End PBXGroup section */

/* Begin PBXNativeTarget section */
		9EDD8AC3193F6D21005AEFDF /* SwiftLife */ = {
			isa = PBXNativeTarget;
			buildConfigurationList = 9EDD8AE4193F6D21005AEFDF /* Build configuration list for PBXNativeTarget "SwiftLife" */;
			buildPhases = (
				9EDD8AC0193F6D21005AEFDF /* Sources */,
				9EDD8AC1193F6D21005AEFDF /* Frameworks */,
				9EDD8AC2193F6D21005AEFDF /* Resources */,
			);
			buildRules = (
			);
			dependencies = (
			);
			name = SwiftLife;
			productName = SwiftLife;
			productReference = 9EDD8AC4193F6D21005AEFDF /* SwiftLife.app */;
			productType = "com.apple.product-type.application";
		};
		9EDD8AD9193F6D21005AEFDF /* SwiftLifeTests */ = {
			isa = PBXNativeTarget;
			buildConfigurationList = 9EDD8AE7193F6D21005AEFDF /* Build configuration list for PBXNativeTarget "SwiftLifeTests" */;
			buildPhases = (
				9EDD8AD6193F6D21005AEFDF /* Sources */,
				9EDD8AD7193F6D21005AEFDF /* Frameworks */,
				9EDD8AD8193F6D21005AEFDF /* Resources */,
			);
			buildRules = (
			);
			dependencies = (
				9EDD8ADC193F6D21005AEFDF /* PBXTargetDependency */,
			);
			name = SwiftLifeTests;
			productName = SwiftLifeTests;
			productReference = 9EDD8ADA193F6D21005AEFDF /* SwiftLifeTests.xctest */;
			productType = "com.apple.product-type.bundle.unit-test";
		};
/* End PBXNativeTarget section */

/* Begin PBXProject section */
		9EDD8ABC193F6D21005AEFDF /* Project object */ = {
			isa = PBXProject;
			attributes = {
				LastUpgradeCheck = 0600;
				ORGANIZATIONNAME = notreallyJake;
				TargetAttributes = {
					9EDD8AC3193F6D21005AEFDF = {
						CreatedOnToolsVersion = 6.0;
					};
					9EDD8AD9193F6D21005AEFDF = {
						CreatedOnToolsVersion = 6.0;
						TestTargetID = 9EDD8AC3193F6D21005AEFDF;
					};
				};
			};
			buildConfigurationList = 9EDD8ABF193F6D21005AEFDF /* Build configuration list for PBXProject "SwiftLife" */;
			compatibilityVersion = "Xcode 3.2";
			developmentRegion = English;
			hasScannedForEncodings = 0;
			knownRegions = (
				en,
				Base,
			);
			mainGroup = 9EDD8ABB193F6D21005AEFDF;
			productRefGroup = 9EDD8AC5193F6D21005AEFDF /* Products */;
			projectDirPath = "";
			projectRoot = "";
			targets = (
				9EDD8AC3193F6D21005AEFDF /* SwiftLife */,
				9EDD8AD9193F6D21005AEFDF /* SwiftLifeTests */,
			);
		};
/* End PBXProject section */

/* Begin PBXResourcesBuildPhase section */
		9EDD8AC2193F6D21005AEFDF /* Resources */ = {
			isa = PBXResourcesBuildPhase;
			buildActionMask = 2147483647;
			files = (
				9EDD8AD5193F6D21005AEFDF /* Images.xcassets in Resources */,
				9EDD8ACC193F6D21005AEFDF /* GameScene.sks in Resources */,
				9EDD8AD3193F6D21005AEFDF /* Main.storyboard in Resources */,
			);
			runOnlyForDeploymentPostprocessing = 0;
		};
		9EDD8AD8193F6D21005AEFDF /* Resources */ = {
			isa = PBXResourcesBuildPhase;
			buildActionMask = 2147483647;
			files = (
			);
			runOnlyForDeploymentPostprocessing = 0;
		};
/* End PBXResourcesBuildPhase section */

/* Begin PBXSourcesBuildPhase section */
		9EDD8AC0193F6D21005AEFDF /* Sources */ = {
			isa = PBXSourcesBuildPhase;
			buildActionMask = 2147483647;
			files = (
				9EDD8ACE193F6D21005AEFDF /* GameScene.swift in Sources */,
				9E9264B91940702400703AC5 /* Cell.swift in Sources */,
				9EDD8AD0193F6D21005AEFDF /* GameViewController.swift in Sources */,
				9EDD8ACA193F6D21005AEFDF /* AppDelegate.swift in Sources */,
			);
			runOnlyForDeploymentPostprocessing = 0;
		};
		9EDD8AD6193F6D21005AEFDF /* Sources */ = {
			isa = PBXSourcesBuildPhase;
			buildActionMask = 2147483647;
			files = (
				9EDD8AE1193F6D21005AEFDF /* SwiftLifeTests.swift in Sources */,
			);
			runOnlyForDeploymentPostprocessing = 0;
		};
/* End PBXSourcesBuildPhase section */

/* Begin PBXTargetDependency section */
		9EDD8ADC193F6D21005AEFDF /* PBXTargetDependency */ = {
			isa = PBXTargetDependency;
			target = 9EDD8AC3193F6D21005AEFDF /* SwiftLife */;
			targetProxy = 9EDD8ADB193F6D21005AEFDF /* PBXContainerItemProxy */;
		};
/* End PBXTargetDependency section */

/* Begin PBXVariantGroup section */
		9EDD8AD1193F6D21005AEFDF /* Main.storyboard */ = {
			isa = PBXVariantGroup;
			children = (
				9EDD8AD2193F6D21005AEFDF /* Base */,
			);
			name = Main.storyboard;
			sourceTree = "<group>";
		};
/* End PBXVariantGroup section */

/* Begin XCBuildConfiguration section */
		9EDD8AE2193F6D21005AEFDF /* Debug */ = {
			isa = XCBuildConfiguration;
			buildSettings = {
				ALWAYS_SEARCH_USER_PATHS = NO;
				CLANG_CXX_LANGUAGE_STANDARD = "gnu++0x";
				CLANG_CXX_LIBRARY = "libc++";
				CLANG_ENABLE_MODULES = YES;
				CLANG_ENABLE_OBJC_ARC = YES;
				CLANG_WARN_BOOL_CONVERSION = YES;
				CLANG_WARN_CONSTANT_CONVERSION = YES;
				CLANG_WARN_DIRECT_OBJC_ISA_USAGE = YES_ERROR;
				CLANG_WARN_EMPTY_BODY = YES;
				CLANG_WARN_ENUM_CONVERSION = YES;
				CLANG_WARN_INT_CONVERSION = YES;
				CLANG_WARN_OBJC_ROOT_CLASS = YES_ERROR;
				CLANG_WARN_UNREACHABLE_CODE = YES;
				CLANG_WARN__DUPLICATE_METHOD_MATCH = YES;
				"CODE_SIGN_IDENTITY[sdk=iphoneos*]" = "iPhone Developer";
				COPY_PHASE_STRIP = NO;
				ENABLE_STRICT_OBJC_MSGSEND = YES;
				GCC_C_LANGUAGE_STANDARD = gnu99;
				GCC_DYNAMIC_NO_PIC = NO;
				GCC_OPTIMIZATION_LEVEL = 0;
				GCC_PREPROCESSOR_DEFINITIONS = (
					"DEBUG=1",
					"$(inherited)",
				);
				GCC_SYMBOLS_PRIVATE_EXTERN = NO;
				GCC_WARN_64_TO_32_BIT_CONVERSION = YES;
				GCC_WARN_ABOUT_RETURN_TYPE = YES_ERROR;
				GCC_WARN_UNDECLARED_SELECTOR = YES;
				GCC_WARN_UNINITIALIZED_AUTOS = YES_AGGRESSIVE;
				GCC_WARN_UNUSED_FUNCTION = YES;
				GCC_WARN_UNUSED_VARIABLE = YES;
				IPHONEOS_DEPLOYMENT_TARGET = 8.0;
				METAL_ENABLE_DEBUG_INFO = YES;
				ONLY_ACTIVE_ARCH = YES;
				SDKROOT = iphoneos;
				SWIFT_OPTIMIZATION_LEVEL = "-Onone";
				TARGETED_DEVICE_FAMILY = 2;
			};
			name = Debug;
		};
		9EDD8AE3193F6D21005AEFDF /* Release */ = {
			isa = XCBuildConfiguration;
			buildSettings = {
				ALWAYS_SEARCH_USER_PATHS = NO;
				CLANG_CXX_LANGUAGE_STANDARD = "gnu++0x";
				CLANG_CXX_LIBRARY = "libc++";
				CLANG_ENABLE_MODULES = YES;
				CLANG_ENABLE_OBJC_ARC = YES;
				CLANG_WARN_BOOL_CONVERSION = YES;
				CLANG_WARN_CONSTANT_CONVERSION = YES;
				CLANG_WARN_DIRECT_OBJC_ISA_USAGE = YES_ERROR;
				CLANG_WARN_EMPTY_BODY = YES;
				CLANG_WARN_ENUM_CONVERSION = YES;
				CLANG_WARN_INT_CONVERSION = YES;
				CLANG_WARN_OBJC_ROOT_CLASS = YES_ERROR;
				CLANG_WARN_UNREACHABLE_CODE = YES;
				CLANG_WARN__DUPLICATE_METHOD_MATCH = YES;
				"CODE_SIGN_IDENTITY[sdk=iphoneos*]" = "iPhone Developer";
				COPY_PHASE_STRIP = YES;
				ENABLE_NS_ASSERTIONS = NO;
				ENABLE_STRICT_OBJC_MSGSEND = YES;
				GCC_C_LANGUAGE_STANDARD = gnu99;
				GCC_WARN_64_TO_32_BIT_CONVERSION = YES;
				GCC_WARN_ABOUT_RETURN_TYPE = YES_ERROR;
				GCC_WARN_UNDECLARED_SELECTOR = YES;
				GCC_WARN_UNINITIALIZED_AUTOS = YES_AGGRESSIVE;
				GCC_WARN_UNUSED_FUNCTION = YES;
				GCC_WARN_UNUSED_VARIABLE = YES;
				IPHONEOS_DEPLOYMENT_TARGET = 8.0;
				METAL_ENABLE_DEBUG_INFO = NO;
				SDKROOT = iphoneos;
				TARGETED_DEVICE_FAMILY = 2;
				VALIDATE_PRODUCT = YES;
			};
			name = Release;
		};
		9EDD8AE5193F6D21005AEFDF /* Debug */ = {
			isa = XCBuildConfiguration;
			buildSettings = {
				ASSETCATALOG_COMPILER_APPICON_NAME = AppIcon;
				ASSETCATALOG_COMPILER_LAUNCHIMAGE_NAME = LaunchImage;
				INFOPLIST_FILE = SwiftLife/Info.plist;
				IPHONEOS_DEPLOYMENT_TARGET = 7.1;
				LD_RUNPATH_SEARCH_PATHS = "$(inherited) @executable_path/Frameworks";
				PRODUCT_NAME = "$(TARGET_NAME)";
			};
			name = Debug;
		};
		9EDD8AE6193F6D21005AEFDF /* Release */ = {
			isa = XCBuildConfiguration;
			buildSettings = {
				ASSETCATALOG_COMPILER_APPICON_NAME = AppIcon;
				ASSETCATALOG_COMPILER_LAUNCHIMAGE_NAME = LaunchImage;
				INFOPLIST_FILE = SwiftLife/Info.plist;
				IPHONEOS_DEPLOYMENT_TARGET = 7.1;
				LD_RUNPATH_SEARCH_PATHS = "$(inherited) @executable_path/Frameworks";
				PRODUCT_NAME = "$(TARGET_NAME)";
			};
			name = Release;
		};
		9EDD8AE8193F6D21005AEFDF /* Debug */ = {
			isa = XCBuildConfiguration;
			buildSettings = {
				BUNDLE_LOADER = "$(BUILT_PRODUCTS_DIR)/SwiftLife.app/SwiftLife";
				FRAMEWORK_SEARCH_PATHS = (
					"$(SDKROOT)/Developer/Library/Frameworks",
					"$(inherited)",
				);
				GCC_PREPROCESSOR_DEFINITIONS = (
					"DEBUG=1",
					"$(inherited)",
				);
				INFOPLIST_FILE = SwiftLifeTests/Info.plist;
				LD_RUNPATH_SEARCH_PATHS = "$(inherited) @executable_path/Frameworks @loader_path/Frameworks";
				METAL_ENABLE_DEBUG_INFO = YES;
				PRODUCT_NAME = "$(TARGET_NAME)";
				TEST_HOST = "$(BUNDLE_LOADER)";
			};
			name = Debug;
		};
		9EDD8AE9193F6D21005AEFDF /* Release */ = {
			isa = XCBuildConfiguration;
			buildSettings = {
				BUNDLE_LOADER = "$(BUILT_PRODUCTS_DIR)/SwiftLife.app/SwiftLife";
				FRAMEWORK_SEARCH_PATHS = (
					"$(SDKROOT)/Developer/Library/Frameworks",
					"$(inherited)",
				);
				INFOPLIST_FILE = SwiftLifeTests/Info.plist;
				LD_RUNPATH_SEARCH_PATHS = "$(inherited) @executable_path/Frameworks @loader_path/Frameworks";
				METAL_ENABLE_DEBUG_INFO = NO;
				PRODUCT_NAME = "$(TARGET_NAME)";
				TEST_HOST = "$(BUNDLE_LOADER)";
			};
			name = Release;
		};
/* End XCBuildConfiguration section */

/* Begin XCConfigurationList section */
		9EDD8ABF193F6D21005AEFDF /* Build configuration list for PBXProject "SwiftLife" */ = {
			isa = XCConfigurationList;
			buildConfigurations = (
				9EDD8AE2193F6D21005AEFDF /* Debug */,
				9EDD8AE3193F6D21005AEFDF /* Release */,
			);
			defaultConfigurationIsVisible = 0;
			defaultConfigurationName = Release;
		};
		9EDD8AE4193F6D21005AEFDF /* Build configuration list for PBXNativeTarget "SwiftLife" */ = {
			isa = XCConfigurationList;
			buildConfigurations = (
				9EDD8AE5193F6D21005AEFDF /* Debug */,
				9EDD8AE6193F6D21005AEFDF /* Release */,
			);
			defaultConfigurationIsVisible = 0;
			defaultConfigurationName = Release;
		};
		9EDD8AE7193F6D21005AEFDF /* Build configuration list for PBXNativeTarget "SwiftLifeTests" */ = {
			isa = XCConfigurationList;
			buildConfigurations = (
				9EDD8AE8193F6D21005AEFDF /* Debug */,
				9EDD8AE9193F6D21005AEFDF /* Release */,
			);
			defaultConfigurationIsVisible = 0;
			defaultConfigurationName = Release;
		};
/* End XCConfigurationList section */
	};
	rootObject = 9EDD8ABC193F6D21005AEFDF /* Project object */;
}
